Microsoft Visual Studio Solution File, Format Version 12.00
# Visual Studio Version 17
VisualStudioVersion = 17.5.2.0
MinimumVisualStudioVersion = 10.0.40219.1
Project("{FAE04EC0-301F-11D3-BF4B-00C04F79EFBC}") = "Simple Music Player", "Simple Music Player.csproj", "{496F39E5-3FFD-7461-C61C-713D66043C41}"
EndProject
Global
	GlobalSection(SolutionConfigurationPlatforms) = preSolution
		Debug|Any CPU = Debug|Any CPU
		Release|Any CPU = Release|Any CPU
	EndGlobalSection
	GlobalSection(ProjectConfigurationPlatforms) = postSolution
		{496F39E5-3FFD-7461-C61C-713D66043C41}.Debug|Any CPU.ActiveCfg = Debug|Any CPU
		{496F39E5-3FFD-7461-C61C-713D66043C41}.Debug|Any CPU.Build.0 = Debug|Any CPU
		{496F39E5-3FFD-7461-C61C-713D66043C41}.Release|Any CPU.ActiveCfg = Release|Any CPU
		{496F39E5-3FFD-7461-C61C-713D66043C41}.Release|Any CPU.Build.0 = Release|Any CPU
	EndGlobalSection
	GlobalSection(SolutionProperties) = preSolution
		HideSolutionNode = FALSE
	EndGlobalSection
	GlobalSection(ExtensibilityGlobals) = postSolution
		SolutionGuid = {79DD3155-01F1-4B10-96D7-6276785AAAE9}
	EndGlobalSection
EndGlobal
